
Microsoft Visual Studio Solution File, Format Version 12.00
# Visual Studio Version 17
VisualStudioVersion = 17.5.33424.131
MinimumVisualStudioVersion = 10.0.40219.1
Project("{FAE04EC0-301F-11D3-BF4B-00C04F79EFBC}") = "WebApplication1", "WebApplication1\WebApplication1.csproj", "{BDCCD4D5-6AA2-4711-BFF0-00C0DD7615B4}"
EndProject
Global
	GlobalSection(SolutionConfigurationPlatforms) = preSolution
		Debug|Any CPU = Debug|Any CPU
		Release|Any CPU = Release|Any CPU
	EndGlobalSection
	GlobalSection(ProjectConfigurationPlatforms) = postSolution
		{BDCCD4D5-6AA2-4711-BFF0-00C0DD7615B4}.Debug|Any CPU.ActiveCfg = Debug|Any CPU
		{BDCCD4D5-6AA2-4711-BFF0-00C0DD7615B4}.Debug|Any CPU.Build.0 = Debug|Any CPU
		{BDCCD4D5-6AA2-4711-BFF0-00C0DD7615B4}.Release|Any CPU.ActiveCfg = Release|Any CPU
		{BDCCD4D5-6AA2-4711-BFF0-00C0DD7615B4}.Release|Any CPU.Build.0 = Release|Any CPU
	EndGlobalSection
	GlobalSection(SolutionProperties) = preSolution
		HideSolutionNode = FALSE
	EndGlobalSection
	GlobalSection(ExtensibilityGlobals) = postSolution
		SolutionGuid = {ABE1C6FF-E5C2-40EC-BFCE-FA7A0939C84E}
	EndGlobalSection
EndGlobal
